
Microsoft Visual Studio Solution File, Format Version 12.00
# Visual Studio Version 16
VisualStudioVersion = 16.0.30611.23
MinimumVisualStudioVersion = 10.0.40219.1
Project("{2150E333-8FDC-42A3-9474-1A3956D46DE8}") = "src", "src", "{CA7F80EE-C631-469E-883E-11024793265C}"
EndProject
Project("{2150E333-8FDC-42A3-9474-1A3956D46DE8}") = "tests", "tests", "{2C1833C6-50A9-4D32-B85A-1B32D8171CAB}"
EndProject
Project("{9A19103F-16F7-4668-BE54-9A1E7A4F7556}") = "Aqua.StringHelpers", "src\Aqua.StringHelpers\Aqua.StringHelpers.csproj", "{7A401BA2-DD8C-4282-AC87-692E420AFBA7}"
EndProject
Project("{9A19103F-16F7-4668-BE54-9A1E7A4F7556}") = "Aqua.StringHelpers.Tests", "tests\Aqua.StringHelpers.Tests\Aqua.StringHelpers.Tests.csproj", "{91026533-7338-4664-A3F0-57A38719FCC8}"
EndProject
Project("{2150E333-8FDC-42A3-9474-1A3956D46DE8}") = ".github", ".github", "{3F9AF983-A6E2-4C42-B8FF-EA648FD73BED}"
EndProject
Project("{2150E333-8FDC-42A3-9474-1A3956D46DE8}") = "workflows", "workflows", "{AA83FCEA-4B7B-4B1C-9F3D-67700007C322}"
	ProjectSection(SolutionItems) = preProject
		nuget.yml = nuget.yml
	EndProjectSection
EndProject
Global
	GlobalSection(SolutionConfigurationPlatforms) = preSolution
		Debug|Any CPU = Debug|Any CPU
		Release|Any CPU = Release|Any CPU
	EndGlobalSection
	GlobalSection(ProjectConfigurationPlatforms) = postSolution
		{7A401BA2-DD8C-4282-AC87-692E420AFBA7}.Debug|Any CPU.ActiveCfg = Debug|Any CPU
		{7A401BA2-DD8C-4282-AC87-692E420AFBA7}.Debug|Any CPU.Build.0 = Debug|Any CPU
		{7A401BA2-DD8C-4282-AC87-692E420AFBA7}.Release|Any CPU.ActiveCfg = Release|Any CPU
		{7A401BA2-DD8C-4282-AC87-692E420AFBA7}.Release|Any CPU.Build.0 = Release|Any CPU
		{91026533-7338-4664-A3F0-57A38719FCC8}.Debug|Any CPU.ActiveCfg = Debug|Any CPU
		{91026533-7338-4664-A3F0-57A38719FCC8}.Debug|Any CPU.Build.0 = Debug|Any CPU
		{91026533-7338-4664-A3F0-57A38719FCC8}.Release|Any CPU.ActiveCfg = Release|Any CPU
		{91026533-7338-4664-A3F0-57A38719FCC8}.Release|Any CPU.Build.0 = Release|Any CPU
	EndGlobalSection
	GlobalSection(SolutionProperties) = preSolution
		HideSolutionNode = FALSE
	EndGlobalSection
	GlobalSection(NestedProjects) = preSolution
		{7A401BA2-DD8C-4282-AC87-692E420AFBA7} = {CA7F80EE-C631-469E-883E-11024793265C}
		{91026533-7338-4664-A3F0-57A38719FCC8} = {2C1833C6-50A9-4D32-B85A-1B32D8171CAB}
		{AA83FCEA-4B7B-4B1C-9F3D-67700007C322} = {3F9AF983-A6E2-4C42-B8FF-EA648FD73BED}
	EndGlobalSection
	GlobalSection(ExtensibilityGlobals) = postSolution
		SolutionGuid = {89F84701-EAE1-4629-ACFC-6459242935AE}
	EndGlobalSection
EndGlobal
